// !$*UTF8*$!
{
	archiveVersion = 1;
	classes = {
	};
	objectVersion = 56;
	objects = {

/* Begin PBXBuildFile section */
		06B1AEA82DE89E5F00E7B60D /* WeatherForcastApp.swift in Sources */ = {isa = PBXBuildFile; fileRef = 06B1AEA72DE89E5F00E7B60D /* WeatherForcastApp.swift */; };
		06B1AEAC2DE89E6000E7B60D /* Assets.xcassets in Resources */ = {isa = PBXBuildFile; fileRef = 06B1AEAB2DE89E6000E7B60D /* Assets.xcassets */; };
		06B1AEAF2DE89E6000E7B60D /* Preview Assets.xcassets in Resources */ = {isa = PBXBuildFile; fileRef = 06B1AEAE2DE89E6000E7B60D /* Preview Assets.xcassets */; };
		06B1AEB92DE89E6000E7B60D /* WeatherViewModelTests.swift in Sources */ = {isa = PBXBuildFile; fileRef = 06B1AEB82DE89E6000E7B60D /* WeatherViewModelTests.swift */; };
		06B1AEC32DE89E6000E7B60D /* WeatherForcastUITests.swift in Sources */ = {isa = PBXBuildFile; fileRef = 06B1AEC22DE89E6000E7B60D /* WeatherForcastUITests.swift */; };
		06B1AEC52DE89E6000E7B60D /* WeatherForcastUITestsLaunchTests.swift in Sources */ = {isa = PBXBuildFile; fileRef = 06B1AEC42DE89E6000E7B60D /* WeatherForcastUITestsLaunchTests.swift */; };
		06B1AED22DE89E9A00E7B60D /* WeatherService.swift in Sources */ = {isa = PBXBuildFile; fileRef = 06B1AED12DE89E9A00E7B60D /* WeatherService.swift */; };
		06B1AED42DE89ECC00E7B60D /* WeatherData.swift in Sources */ = {isa = PBXBuildFile; fileRef = 06B1AED32DE89ECC00E7B60D /* WeatherData.swift */; };
		06B1AED62DE89EF100E7B60D /* WeatherViewModel.swift in Sources */ = {isa = PBXBuildFile; fileRef = 06B1AED52DE89EF100E7B60D /* WeatherViewModel.swift */; };
		06B1AED82DE89F1600E7B60D /* WeatherView.swift in Sources */ = {isa = PBXBuildFile; fileRef = 06B1AED72DE89F1600E7B60D /* WeatherView.swift */; };
		06B1AEDA2DE8CB4200E7B60D /* WeatherForcastRow.swift in Sources */ = {isa = PBXBuildFile; fileRef = 06B1AED92DE8CB4200E7B60D /* WeatherForcastRow.swift */; };
		06B1AEDC2DE8D06E00E7B60D /* WeatherServiceTests.swift in Sources */ = {isa = PBXBuildFile; fileRef = 06B1AEDB2DE8D06E00E7B60D /* WeatherServiceTests.swift */; };
		06B1AEDE2DE8F1CF00E7B60D /* Utils.swift in Sources */ = {isa = PBXBuildFile; fileRef = 06B1AEDD2DE8F1CF00E7B60D /* Utils.swift */; };
		06B1AEE02DE8F43D00E7B60D /* UtilisTests.swift in Sources */ = {isa = PBXBuildFile; fileRef = 06B1AEDF2DE8F43D00E7B60D /* UtilisTests.swift */; };
		06B1AEE82DE90F8500E7B60D /* ErrorView.swift in Sources */ = {isa = PBXBuildFile; fileRef = 06B1AEE72DE90F8500E7B60D /* ErrorView.swift */; };
/* End PBXBuildFile section */

/* Begin PBXContainerItemProxy section */
		06B1AEB52DE89E6000E7B60D /* PBXContainerItemProxy */ = {
			isa = PBXContainerItemProxy;
			containerPortal = 06B1AE9C2DE89E5F00E7B60D /* Project object */;
			proxyType = 1;
			remoteGlobalIDString = 06B1AEA32DE89E5F00E7B60D;
			remoteInfo = WeatherForcast;
		};
		06B1AEBF2DE89E6000E7B60D /* PBXContainerItemProxy */ = {
			isa = PBXContainerItemProxy;
			containerPortal = 06B1AE9C2DE89E5F00E7B60D /* Project object */;
			proxyType = 1;
			remoteGlobalIDString = 06B1AEA32DE89E5F00E7B60D;
			remoteInfo = WeatherForcast;
		};
/* End PBXContainerItemProxy section */

/* Begin PBXFileReference section */
		06B1AEA42DE89E5F00E7B60D /* WeatherForcast.app */ = {isa = PBXFileReference; explicitFileType = wrapper.application; includeInIndex = 0; path = WeatherForcast.app; sourceTree = BUILT_PRODUCTS_DIR; };
		06B1AEA72DE89E5F00E7B60D /* WeatherForcastApp.swift */ = {isa = PBXFileReference; lastKnownFileType = sourcecode.swift; path = WeatherForcastApp.swift; sourceTree = "<group>"; };
		06B1AEAB2DE89E6000E7B60D /* Assets.xcassets */ = {isa = PBXFileReference; lastKnownFileType = folder.assetcatalog; path = Assets.xcassets; sourceTree = "<group>"; };
		06B1AEAE2DE89E6000E7B60D /* Preview Assets.xcassets */ = {isa = PBXFileReference; lastKnownFileType = folder.assetcatalog; path = "Preview Assets.xcassets"; sourceTree = "<group>"; };
		06B1AEB42DE89E6000E7B60D /* WeatherForcastTests.xctest */ = {isa = PBXFileReference; explicitFileType = wrapper.cfbundle; includeInIndex = 0; path = WeatherForcastTests.xctest; sourceTree = BUILT_PRODUCTS_DIR; };
		06B1AEB82DE89E6000E7B60D /* WeatherViewModelTests.swift */ = {isa = PBXFileReference; lastKnownFileType = sourcecode.swift; path = WeatherViewModelTests.swift; sourceTree = "<group>"; };
		06B1AEBE2DE89E6000E7B60D /* WeatherForcastUITests.xctest */ = {isa = PBXFileReference; explicitFileType = wrapper.cfbundle; includeInIndex = 0; path = WeatherForcastUITests.xctest; sourceTree = BUILT_PRODUCTS_DIR; };
		06B1AEC22DE89E6000E7B60D /* WeatherForcastUITests.swift */ = {isa = PBXFileReference; lastKnownFileType = sourcecode.swift; path = WeatherForcastUITests.swift; sourceTree = "<group>"; };
		06B1AEC42DE89E6000E7B60D /* WeatherForcastUITestsLaunchTests.swift */ = {isa = PBXFileReference; lastKnownFileType = sourcecode.swift; path = WeatherForcastUITestsLaunchTests.swift; sourceTree = "<group>"; };
		06B1AED12DE89E9A00E7B60D /* WeatherService.swift */ = {isa = PBXFileReference; lastKnownFileType = sourcecode.swift; path = WeatherService.swift; sourceTree = "<group>"; };
		06B1AED32DE89ECC00E7B60D /* WeatherData.swift */ = {isa = PBXFileReference; lastKnownFileType = sourcecode.swift; path = WeatherData.swift; sourceTree = "<group>"; };
		06B1AED52DE89EF100E7B60D /* WeatherViewModel.swift */ = {isa = PBXFileReference; lastKnownFileType = sourcecode.swift; path = WeatherViewModel.swift; sourceTree = "<group>"; };
		06B1AED72DE89F1600E7B60D /* WeatherView.swift */ = {isa = PBXFileReference; lastKnownFileType = sourcecode.swift; path = WeatherView.swift; sourceTree = "<group>"; };
		06B1AED92DE8CB4200E7B60D /* WeatherForcastRow.swift */ = {isa = PBXFileReference; lastKnownFileType = sourcecode.swift; path = WeatherForcastRow.swift; sourceTree = "<group>"; };
		06B1AEDB2DE8D06E00E7B60D /* WeatherServiceTests.swift */ = {isa = PBXFileReference; lastKnownFileType = sourcecode.swift; path = WeatherServiceTests.swift; sourceTree = "<group>"; };
		06B1AEDD2DE8F1CF00E7B60D /* Utils.swift */ = {isa = PBXFileReference; lastKnownFileType = sourcecode.swift; path = Utils.swift; sourceTree = "<group>"; };
		06B1AEDF2DE8F43D00E7B60D /* UtilisTests.swift */ = {isa = PBXFileReference; lastKnownFileType = sourcecode.swift; path = UtilisTests.swift; sourceTree = "<group>"; };
		06B1AEE72DE90F8500E7B60D /* ErrorView.swift */ = {isa = PBXFileReference; lastKnownFileType = sourcecode.swift; path = ErrorView.swift; sourceTree = "<group>"; };
		06B1AEEB2DE9165500E7B60D /* Info.plist */ = {isa = PBXFileReference; lastKnownFileType = text.plist; path = Info.plist; sourceTree = "<group>"; };
		06B1AEEC2DE9244A00E7B60D /* README.md */ = {isa = PBXFileReference; lastKnownFileType = net.daringfireball.markdown; path = README.md; sourceTree = "<group>"; };
/* End PBXFileReference section */

/* Begin PBXFrameworksBuildPhase section */
		06B1AEA12DE89E5F00E7B60D /* Frameworks */ = {
			isa = PBXFrameworksBuildPhase;
			buildActionMask = 2147483647;
			files = (
			);
			runOnlyForDeploymentPostprocessing = 0;
		};
		06B1AEB12DE89E6000E7B60D /* Frameworks */ = {
			isa = PBXFrameworksBuildPhase;
			buildActionMask = 2147483647;
			files = (
			);
			runOnlyForDeploymentPostprocessing = 0;
		};
		06B1AEBB2DE89E6000E7B60D /* Frameworks */ = {
			isa = PBXFrameworksBuildPhase;
			buildActionMask = 2147483647;
			files = (
			);
			runOnlyForDeploymentPostprocessing = 0;
		};
/* End PBXFrameworksBuildPhase section */

/* Begin PBXGroup section */
		06B1AE9B2DE89E5F00E7B60D = {
			isa = PBXGroup;
			children = (
				06B1AEEC2DE9244A00E7B60D /* README.md */,
				06B1AEA62DE89E5F00E7B60D /* WeatherForcast */,
				06B1AEB72DE89E6000E7B60D /* WeatherForcastTests */,
				06B1AEC12DE89E6000E7B60D /* WeatherForcastUITests */,
				06B1AEA52DE89E5F00E7B60D /* Products */,
			);
			sourceTree = "<group>";
		};
		06B1AEA52DE89E5F00E7B60D /* Products */ = {
			isa = PBXGroup;
			children = (
				06B1AEA42DE89E5F00E7B60D /* WeatherForcast.app */,
				06B1AEB42DE89E6000E7B60D /* WeatherForcastTests.xctest */,
				06B1AEBE2DE89E6000E7B60D /* WeatherForcastUITests.xctest */,
			);
			name = Products;
			sourceTree = "<group>";
		};
		06B1AEA62DE89E5F00E7B60D /* WeatherForcast */ = {
			isa = PBXGroup;
			children = (
				06B1AEEB2DE9165500E7B60D /* Info.plist */,
				06B1AEE62DE90E7200E7B60D /* Utils */,
				06B1AEE52DE90E6300E7B60D /* Services */,
				06B1AEE42DE90E5600E7B60D /* Data */,
				06B1AEE32DE90E3F00E7B60D /* ViewModel */,
				06B1AEE12DE90D2300E7B60D /* Views */,
				06B1AEAB2DE89E6000E7B60D /* Assets.xcassets */,
				06B1AEAD2DE89E6000E7B60D /* Preview Content */,
			);
			path = WeatherForcast;
			sourceTree = "<group>";
		};
		06B1AEAD2DE89E6000E7B60D /* Preview Content */ = {
			isa = PBXGroup;
			children = (
				06B1AEAE2DE89E6000E7B60D /* Preview Assets.xcassets */,
			);
			path = "Preview Content";
			sourceTree = "<group>";
		};
		06B1AEB72DE89E6000E7B60D /* WeatherForcastTests */ = {
			isa = PBXGroup;
			children = (
				06B1AEB82DE89E6000E7B60D /* WeatherViewModelTests.swift */,
				06B1AEDB2DE8D06E00E7B60D /* WeatherServiceTests.swift */,
				06B1AEDF2DE8F43D00E7B60D /* UtilisTests.swift */,
			);
			path = WeatherForcastTests;
			sourceTree = "<group>";
		};
		06B1AEC12DE89E6000E7B60D /* WeatherForcastUITests */ = {
			isa = PBXGroup;
			children = (
				06B1AEC22DE89E6000E7B60D /* WeatherForcastUITests.swift */,
				06B1AEC42DE89E6000E7B60D /* WeatherForcastUITestsLaunchTests.swift */,
			);
			path = WeatherForcastUITests;
			sourceTree = "<group>";
		};
		06B1AEE12DE90D2300E7B60D /* Views */ = {
			isa = PBXGroup;
			children = (
				06B1AEA72DE89E5F00E7B60D /* WeatherForcastApp.swift */,
				06B1AED72DE89F1600E7B60D /* WeatherView.swift */,
				06B1AED92DE8CB4200E7B60D /* WeatherForcastRow.swift */,
				06B1AEE72DE90F8500E7B60D /* ErrorView.swift */,
			);
			path = Views;
			sourceTree = "<group>";
		};
		06B1AEE32DE90E3F00E7B60D /* ViewModel */ = {
			isa = PBXGroup;
			children = (
				06B1AED52DE89EF100E7B60D /* WeatherViewModel.swift */,
			);
			path = ViewModel;
			sourceTree = "<group>";
		};
		06B1AEE42DE90E5600E7B60D /* Data */ = {
			isa = PBXGroup;
			children = (
				06B1AED32DE89ECC00E7B60D /* WeatherData.swift */,
			);
			path = Data;
			sourceTree = "<group>";
		};
		06B1AEE52DE90E6300E7B60D /* Services */ = {
			isa = PBXGroup;
			children = (
				06B1AED12DE89E9A00E7B60D /* WeatherService.swift */,
			);
			path = Services;
			sourceTree = "<group>";
		};
		06B1AEE62DE90E7200E7B60D /* Utils */ = {
			isa = PBXGroup;
			children = (
				06B1AEDD2DE8F1CF00E7B60D /* Utils.swift */,
			);
			path = Utils;
			sourceTree = "<group>";
		};
/* End PBXGroup section */

/* Begin PBXNativeTarget section */
		06B1AEA32DE89E5F00E7B60D /* WeatherForcast */ = {
			isa = PBXNativeTarget;
			buildConfigurationList = 06B1AEC82DE89E6000E7B60D /* Build configuration list for PBXNativeTarget "WeatherForcast" */;
			buildPhases = (
				06B1AEA02DE89E5F00E7B60D /* Sources */,
				06B1AEA12DE89E5F00E7B60D /* Frameworks */,
				06B1AEA22DE89E5F00E7B60D /* Resources */,
			);
			buildRules = (
			);
			dependencies = (
			);
			name = WeatherForcast;
			productName = WeatherForcast;
			productReference = 06B1AEA42DE89E5F00E7B60D /* WeatherForcast.app */;
			productType = "com.apple.product-type.application";
		};
		06B1AEB32DE89E6000E7B60D /* WeatherForcastTests */ = {
			isa = PBXNativeTarget;
			buildConfigurationList = 06B1AECB2DE89E6000E7B60D /* Build configuration list for PBXNativeTarget "WeatherForcastTests" */;
			buildPhases = (
				06B1AEB02DE89E6000E7B60D /* Sources */,
				06B1AEB12DE89E6000E7B60D /* Frameworks */,
				06B1AEB22DE89E6000E7B60D /* Resources */,
			);
			buildRules = (
			);
			dependencies = (
				06B1AEB62DE89E6000E7B60D /* PBXTargetDependency */,
			);
			name = WeatherForcastTests;
			productName = WeatherForcastTests;
			productReference = 06B1AEB42DE89E6000E7B60D /* WeatherForcastTests.xctest */;
			productType = "com.apple.product-type.bundle.unit-test";
		};
		06B1AEBD2DE89E6000E7B60D /* WeatherForcastUITests */ = {
			isa = PBXNativeTarget;
			buildConfigurationList = 06B1AECE2DE89E6000E7B60D /* Build configuration list for PBXNativeTarget "WeatherForcastUITests" */;
			buildPhases = (
				06B1AEBA2DE89E6000E7B60D /* Sources */,
				06B1AEBB2DE89E6000E7B60D /* Frameworks */,
				06B1AEBC2DE89E6000E7B60D /* Resources */,
			);
			buildRules = (
			);
			dependencies = (
				06B1AEC02DE89E6000E7B60D /* PBXTargetDependency */,
			);
			name = WeatherForcastUITests;
			productName = WeatherForcastUITests;
			productReference = 06B1AEBE2DE89E6000E7B60D /* WeatherForcastUITests.xctest */;
			productType = "com.apple.product-type.bundle.ui-testing";
		};
/* End PBXNativeTarget section */

/* Begin PBXProject section */
		06B1AE9C2DE89E5F00E7B60D /* Project object */ = {
			isa = PBXProject;
			attributes = {
				BuildIndependentTargetsInParallel = 1;
				LastSwiftUpdateCheck = 1540;
				LastUpgradeCheck = 1540;
				TargetAttributes = {
					06B1AEA32DE89E5F00E7B60D = {
						CreatedOnToolsVersion = 15.4;
					};
					06B1AEB32DE89E6000E7B60D = {
						CreatedOnToolsVersion = 15.4;
						TestTargetID = 06B1AEA32DE89E5F00E7B60D;
					};
					06B1AEBD2DE89E6000E7B60D = {
						CreatedOnToolsVersion = 15.4;
						TestTargetID = 06B1AEA32DE89E5F00E7B60D;
					};
				};
			};
			buildConfigurationList = 06B1AE9F2DE89E5F00E7B60D /* Build configuration list for PBXProject "WeatherForcast" */;
			compatibilityVersion = "Xcode 14.0";
			developmentRegion = en;
			hasScannedForEncodings = 0;
			knownRegions = (
				en,
				Base,
			);
			mainGroup = 06B1AE9B2DE89E5F00E7B60D;
			productRefGroup = 06B1AEA52DE89E5F00E7B60D /* Products */;
			projectDirPath = "";
			projectRoot = "";
			targets = (
				06B1AEA32DE89E5F00E7B60D /* WeatherForcast */,
				06B1AEB32DE89E6000E7B60D /* WeatherForcastTests */,
				06B1AEBD2DE89E6000E7B60D /* WeatherForcastUITests */,
			);
		};
/* End PBXProject section */

/* Begin PBXResourcesBuildPhase section */
		06B1AEA22DE89E5F00E7B60D /* Resources */ = {
			isa = PBXResourcesBuildPhase;
			buildActionMask = 2147483647;
			files = (
				06B1AEAF2DE89E6000E7B60D /* Preview Assets.xcassets in Resources */,
				06B1AEAC2DE89E6000E7B60D /* Assets.xcassets in Resources */,
			);
			runOnlyForDeploymentPostprocessing = 0;
		};
		06B1AEB22DE89E6000E7B60D /* Resources */ = {
			isa = PBXResourcesBuildPhase;
			buildActionMask = 2147483647;
			files = (
			);
			runOnlyForDeploymentPostprocessing = 0;
		};
		06B1AEBC2DE89E6000E7B60D /* Resources */ = {
			isa = PBXResourcesBuildPhase;
			buildActionMask = 2147483647;
			files = (
			);
			runOnlyForDeploymentPostprocessing = 0;
		};
/* End PBXResourcesBuildPhase section */

/* Begin PBXSourcesBuildPhase section */
		06B1AEA02DE89E5F00E7B60D /* Sources */ = {
			isa = PBXSourcesBuildPhase;
			buildActionMask = 2147483647;
			files = (
				06B1AEDA2DE8CB4200E7B60D /* WeatherForcastRow.swift in Sources */,
				06B1AED62DE89EF100E7B60D /* WeatherViewModel.swift in Sources */,
				06B1AED22DE89E9A00E7B60D /* WeatherService.swift in Sources */,
				06B1AED82DE89F1600E7B60D /* WeatherView.swift in Sources */,
				06B1AED42DE89ECC00E7B60D /* WeatherData.swift in Sources */,
				06B1AEA82DE89E5F00E7B60D /* WeatherForcastApp.swift in Sources */,
				06B1AEE82DE90F8500E7B60D /* ErrorView.swift in Sources */,
				06B1AEDE2DE8F1CF00E7B60D /* Utils.swift in Sources */,
			);
			runOnlyForDeploymentPostprocessing = 0;
		};
		06B1AEB02DE89E6000E7B60D /* Sources */ = {
			isa = PBXSourcesBuildPhase;
			buildActionMask = 2147483647;
			files = (
				06B1AEDC2DE8D06E00E7B60D /* WeatherServiceTests.swift in Sources */,
				06B1AEE02DE8F43D00E7B60D /* UtilisTests.swift in Sources */,
				06B1AEB92DE89E6000E7B60D /* WeatherViewModelTests.swift in Sources */,
			);
			runOnlyForDeploymentPostprocessing = 0;
		};
		06B1AEBA2DE89E6000E7B60D /* Sources */ = {
			isa = PBXSourcesBuildPhase;
			buildActionMask = 2147483647;
			files = (
				06B1AEC52DE89E6000E7B60D /* WeatherForcastUITestsLaunchTests.swift in Sources */,
				06B1AEC32DE89E6000E7B60D /* WeatherForcastUITests.swift in Sources */,
			);
			runOnlyForDeploymentPostprocessing = 0;
		};
/* End PBXSourcesBuildPhase section */

/* Begin PBXTargetDependency section */
		06B1AEB62DE89E6000E7B60D /* PBXTargetDependency */ = {
			isa = PBXTargetDependency;
			target = 06B1AEA32DE89E5F00E7B60D /* WeatherForcast */;
			targetProxy = 06B1AEB52DE89E6000E7B60D /* PBXContainerItemProxy */;
		};
		06B1AEC02DE89E6000E7B60D /* PBXTargetDependency */ = {
			isa = PBXTargetDependency;
			target = 06B1AEA32DE89E5F00E7B60D /* WeatherForcast */;
			targetProxy = 06B1AEBF2DE89E6000E7B60D /* PBXContainerItemProxy */;
		};
/* End PBXTargetDependency section */

/* Begin XCBuildConfiguration section */
		06B1AEC62DE89E6000E7B60D /* Debug */ = {
			isa = XCBuildConfiguration;
			buildSettings = {
				ALWAYS_SEARCH_USER_PATHS = NO;
				ASSETCATALOG_COMPILER_GENERATE_SWIFT_ASSET_SYMBOL_EXTENSIONS = YES;
				CLANG_ANALYZER_NONNULL = YES;
				CLANG_ANALYZER_NUMBER_OBJECT_CONVERSION = YES_AGGRESSIVE;
				CLANG_CXX_LANGUAGE_STANDARD = "gnu++20";
				CLANG_ENABLE_MODULES = YES;
				CLANG_ENABLE_OBJC_ARC = YES;
				CLANG_ENABLE_OBJC_WEAK = YES;
				CLANG_WARN_BLOCK_CAPTURE_AUTORELEASING = YES;
				CLANG_WARN_BOOL_CONVERSION = YES;
				CLANG_WARN_COMMA = YES;
				CLANG_WARN_CONSTANT_CONVERSION = YES;
				CLANG_WARN_DEPRECATED_OBJC_IMPLEMENTATIONS = YES;
				CLANG_WARN_DIRECT_OBJC_ISA_USAGE = YES_ERROR;
				CLANG_WARN_DOCUMENTATION_COMMENTS = YES;
				CLANG_WARN_EMPTY_BODY = YES;
				CLANG_WARN_ENUM_CONVERSION = YES;
				CLANG_WARN_INFINITE_RECURSION = YES;
				CLANG_WARN_INT_CONVERSION = YES;
				CLANG_WARN_NON_LITERAL_NULL_CONVERSION = YES;
				CLANG_WARN_OBJC_IMPLICIT_RETAIN_SELF = YES;
				CLANG_WARN_OBJC_LITERAL_CONVERSION = YES;
				CLANG_WARN_OBJC_ROOT_CLASS = YES_ERROR;
				CLANG_WARN_QUOTED_INCLUDE_IN_FRAMEWORK_HEADER = YES;
				CLANG_WARN_RANGE_LOOP_ANALYSIS = YES;
				CLANG_WARN_STRICT_PROTOTYPES = YES;
				CLANG_WARN_SUSPICIOUS_MOVE = YES;
				CLANG_WARN_UNGUARDED_AVAILABILITY = YES_AGGRESSIVE;
				CLANG_WARN_UNREACHABLE_CODE = YES;
				CLANG_WARN__DUPLICATE_METHOD_MATCH = YES;
				COPY_PHASE_STRIP = NO;
				DEBUG_INFORMATION_FORMAT = dwarf;
				ENABLE_STRICT_OBJC_MSGSEND = YES;
				ENABLE_TESTABILITY = YES;
				ENABLE_USER_SCRIPT_SANDBOXING = YES;
				GCC_C_LANGUAGE_STANDARD = gnu17;
				GCC_DYNAMIC_NO_PIC = NO;
				GCC_NO_COMMON_BLOCKS = YES;
				GCC_OPTIMIZATION_LEVEL = 0;
				GCC_PREPROCESSOR_DEFINITIONS = (
					"DEBUG=1",
					"$(inherited)",
				);
				GCC_WARN_64_TO_32_BIT_CONVERSION = YES;
				GCC_WARN_ABOUT_RETURN_TYPE = YES_ERROR;
				GCC_WARN_UNDECLARED_SELECTOR = YES;
				GCC_WARN_UNINITIALIZED_AUTOS = YES_AGGRESSIVE;
				GCC_WARN_UNUSED_FUNCTION = YES;
				GCC_WARN_UNUSED_VARIABLE = YES;
				IPHONEOS_DEPLOYMENT_TARGET = 17.5;
				LOCALIZATION_PREFERS_STRING_CATALOGS = YES;
				MTL_ENABLE_DEBUG_INFO = INCLUDE_SOURCE;
				MTL_FAST_MATH = YES;
				ONLY_ACTIVE_ARCH = YES;
				SDKROOT = iphoneos;
				SWIFT_ACTIVE_COMPILATION_CONDITIONS = "DEBUG $(inherited)";
				SWIFT_OPTIMIZATION_LEVEL = "-Onone";
			};
			name = Debug;
		};
		06B1AEC72DE89E6000E7B60D /* Release */ = {
			isa = XCBuildConfiguration;
			buildSettings = {
				ALWAYS_SEARCH_USER_PATHS = NO;
				ASSETCATALOG_COMPILER_GENERATE_SWIFT_ASSET_SYMBOL_EXTENSIONS = YES;
				CLANG_ANALYZER_NONNULL = YES;
				CLANG_ANALYZER_NUMBER_OBJECT_CONVERSION = YES_AGGRESSIVE;
				CLANG_CXX_LANGUAGE_STANDARD = "gnu++20";
				CLANG_ENABLE_MODULES = YES;
				CLANG_ENABLE_OBJC_ARC = YES;
				CLANG_ENABLE_OBJC_WEAK = YES;
				CLANG_WARN_BLOCK_CAPTURE_AUTORELEASING = YES;
				CLANG_WARN_BOOL_CONVERSION = YES;
				CLANG_WARN_COMMA = YES;
				CLANG_WARN_CONSTANT_CONVERSION = YES;
				CLANG_WARN_DEPRECATED_OBJC_IMPLEMENTATIONS = YES;
				CLANG_WARN_DIRECT_OBJC_ISA_USAGE = YES_ERROR;
				CLANG_WARN_DOCUMENTATION_COMMENTS = YES;
				CLANG_WARN_EMPTY_BODY = YES;
				CLANG_WARN_ENUM_CONVERSION = YES;
				CLANG_WARN_INFINITE_RECURSION = YES;
				CLANG_WARN_INT_CONVERSION = YES;
				CLANG_WARN_NON_LITERAL_NULL_CONVERSION = YES;
				CLANG_WARN_OBJC_IMPLICIT_RETAIN_SELF = YES;
				CLANG_WARN_OBJC_LITERAL_CONVERSION = YES;
				CLANG_WARN_OBJC_ROOT_CLASS = YES_ERROR;
				CLANG_WARN_QUOTED_INCLUDE_IN_FRAMEWORK_HEADER = YES;
				CLANG_WARN_RANGE_LOOP_ANALYSIS = YES;
				CLANG_WARN_STRICT_PROTOTYPES = YES;
				CLANG_WARN_SUSPICIOUS_MOVE = YES;
				CLANG_WARN_UNGUARDED_AVAILABILITY = YES_AGGRESSIVE;
				CLANG_WARN_UNREACHABLE_CODE = YES;
				CLANG_WARN__DUPLICATE_METHOD_MATCH = YES;
				COPY_PHASE_STRIP = NO;
				DEBUG_INFORMATION_FORMAT = "dwarf-with-dsym";
				ENABLE_NS_ASSERTIONS = NO;
				ENABLE_STRICT_OBJC_MSGSEND = YES;
				ENABLE_USER_SCRIPT_SANDBOXING = YES;
				GCC_C_LANGUAGE_STANDARD = gnu17;
				GCC_NO_COMMON_BLOCKS = YES;
				GCC_WARN_64_TO_32_BIT_CONVERSION = YES;
				GCC_WARN_ABOUT_RETURN_TYPE = YES_ERROR;
				GCC_WARN_UNDECLARED_SELECTOR = YES;
				GCC_WARN_UNINITIALIZED_AUTOS = YES_AGGRESSIVE;
				GCC_WARN_UNUSED_FUNCTION = YES;
				GCC_WARN_UNUSED_VARIABLE = YES;
				IPHONEOS_DEPLOYMENT_TARGET = 17.5;
				LOCALIZATION_PREFERS_STRING_CATALOGS = YES;
				MTL_ENABLE_DEBUG_INFO = NO;
				MTL_FAST_MATH = YES;
				SDKROOT = iphoneos;
				SWIFT_COMPILATION_MODE = wholemodule;
				VALIDATE_PRODUCT = YES;
			};
			name = Release;
		};
		06B1AEC92DE89E6000E7B60D /* Debug */ = {
			isa = XCBuildConfiguration;
			buildSettings = {
				ASSETCATALOG_COMPILER_APPICON_NAME = AppIcon;
				ASSETCATALOG_COMPILER_GLOBAL_ACCENT_COLOR_NAME = AccentColor;
				CODE_SIGN_STYLE = Automatic;
				CURRENT_PROJECT_VERSION = 1;
				DEVELOPMENT_ASSET_PATHS = "\"WeatherForcast/Preview Content\"";
				ENABLE_PREVIEWS = YES;
				GENERATE_INFOPLIST_FILE = YES;
				INFOPLIST_FILE = WeatherForcast/Info.plist;
				INFOPLIST_KEY_UIApplicationSceneManifest_Generation = YES;
				INFOPLIST_KEY_UIApplicationSupportsIndirectInputEvents = YES;
				INFOPLIST_KEY_UILaunchScreen_Generation = YES;
				INFOPLIST_KEY_UISupportedInterfaceOrientations_iPad = "UIInterfaceOrientationPortrait UIInterfaceOrientationPortraitUpsideDown UIInterfaceOrientationLandscapeLeft UIInterfaceOrientationLandscapeRight";
				INFOPLIST_KEY_UISupportedInterfaceOrientations_iPhone = "UIInterfaceOrientationPortrait UIInterfaceOrientationLandscapeLeft UIInterfaceOrientationLandscapeRight";
				LD_RUNPATH_SEARCH_PATHS = (
					"$(inherited)",
					"@executable_path/Frameworks",
				);
				MARKETING_VERSION = 1.0;
				PRODUCT_BUNDLE_IDENTIFIER = com.praveen.WeatherForcast;
				PRODUCT_NAME = "$(TARGET_NAME)";
				SWIFT_EMIT_LOC_STRINGS = YES;
				SWIFT_VERSION = 5.0;
				TARGETED_DEVICE_FAMILY = "1,2";
			};
			name = Debug;
		};
		06B1AECA2DE89E6000E7B60D /* Release */ = {
			isa = XCBuildConfiguration;
			buildSettings = {
				ASSETCATALOG_COMPILER_APPICON_NAME = AppIcon;
				ASSETCATALOG_COMPILER_GLOBAL_ACCENT_COLOR_NAME = AccentColor;
				CODE_SIGN_STYLE = Automatic;
				CURRENT_PROJECT_VERSION = 1;
				DEVELOPMENT_ASSET_PATHS = "\"WeatherForcast/Preview Content\"";
				ENABLE_PREVIEWS = YES;
				GENERATE_INFOPLIST_FILE = YES;
				INFOPLIST_FILE = WeatherForcast/Info.plist;
				INFOPLIST_KEY_UIApplicationSceneManifest_Generation = YES;
				INFOPLIST_KEY_UIApplicationSupportsIndirectInputEvents = YES;
				INFOPLIST_KEY_UILaunchScreen_Generation = YES;
				INFOPLIST_KEY_UISupportedInterfaceOrientations_iPad = "UIInterfaceOrientationPortrait UIInterfaceOrientationPortraitUpsideDown UIInterfaceOrientationLandscapeLeft UIInterfaceOrientationLandscapeRight";
				INFOPLIST_KEY_UISupportedInterfaceOrientations_iPhone = "UIInterfaceOrientationPortrait UIInterfaceOrientationLandscapeLeft UIInterfaceOrientationLandscapeRight";
				LD_RUNPATH_SEARCH_PATHS = (
					"$(inherited)",
					"@executable_path/Frameworks",
				);
				MARKETING_VERSION = 1.0;
				PRODUCT_BUNDLE_IDENTIFIER = com.praveen.WeatherForcast;
				PRODUCT_NAME = "$(TARGET_NAME)";
				SWIFT_EMIT_LOC_STRINGS = YES;
				SWIFT_VERSION = 5.0;
				TARGETED_DEVICE_FAMILY = "1,2";
			};
			name = Release;
		};
		06B1AECC2DE89E6000E7B60D /* Debug */ = {
			isa = XCBuildConfiguration;
			buildSettings = {
				ALWAYS_EMBED_SWIFT_STANDARD_LIBRARIES = YES;
				BUNDLE_LOADER = "$(TEST_HOST)";
				CODE_SIGN_STYLE = Automatic;
				CURRENT_PROJECT_VERSION = 1;
				GENERATE_INFOPLIST_FILE = YES;
				IPHONEOS_DEPLOYMENT_TARGET = 17.5;
				MARKETING_VERSION = 1.0;
				PRODUCT_BUNDLE_IDENTIFIER = com.praveen.WeatherForcastTests;
				PRODUCT_NAME = "$(TARGET_NAME)";
				SWIFT_EMIT_LOC_STRINGS = NO;
				SWIFT_VERSION = 5.0;
				TARGETED_DEVICE_FAMILY = "1,2";
				TEST_HOST = "$(BUILT_PRODUCTS_DIR)/WeatherForcast.app/$(BUNDLE_EXECUTABLE_FOLDER_PATH)/WeatherForcast";
			};
			name = Debug;
		};
		06B1AECD2DE89E6000E7B60D /* Release */ = {
			isa = XCBuildConfiguration;
			buildSettings = {
				ALWAYS_EMBED_SWIFT_STANDARD_LIBRARIES = YES;
				BUNDLE_LOADER = "$(TEST_HOST)";
				CODE_SIGN_STYLE = Automatic;
				CURRENT_PROJECT_VERSION = 1;
				GENERATE_INFOPLIST_FILE = YES;
				IPHONEOS_DEPLOYMENT_TARGET = 17.5;
				MARKETING_VERSION = 1.0;
				PRODUCT_BUNDLE_IDENTIFIER = com.praveen.WeatherForcastTests;
				PRODUCT_NAME = "$(TARGET_NAME)";
				SWIFT_EMIT_LOC_STRINGS = NO;
				SWIFT_VERSION = 5.0;
				TARGETED_DEVICE_FAMILY = "1,2";
				TEST_HOST = "$(BUILT_PRODUCTS_DIR)/WeatherForcast.app/$(BUNDLE_EXECUTABLE_FOLDER_PATH)/WeatherForcast";
			};
			name = Release;
		};
		06B1AECF2DE89E6000E7B60D /* Debug */ = {
			isa = XCBuildConfiguration;
			buildSettings = {
				ALWAYS_EMBED_SWIFT_STANDARD_LIBRARIES = YES;
				CODE_SIGN_STYLE = Automatic;
				CURRENT_PROJECT_VERSION = 1;
				GENERATE_INFOPLIST_FILE = YES;
				MARKETING_VERSION = 1.0;
				PRODUCT_BUNDLE_IDENTIFIER = com.praveen.WeatherForcastUITests;
				PRODUCT_NAME = "$(TARGET_NAME)";
				SWIFT_EMIT_LOC_STRINGS = NO;
				SWIFT_VERSION = 5.0;
				TARGETED_DEVICE_FAMILY = "1,2";
				TEST_TARGET_NAME = WeatherForcast;
			};
			name = Debug;
		};
		06B1AED02DE89E6000E7B60D /* Release */ = {
			isa = XCBuildConfiguration;
			buildSettings = {
				ALWAYS_EMBED_SWIFT_STANDARD_LIBRARIES = YES;
				CODE_SIGN_STYLE = Automatic;
				CURRENT_PROJECT_VERSION = 1;
				GENERATE_INFOPLIST_FILE = YES;
				MARKETING_VERSION = 1.0;
				PRODUCT_BUNDLE_IDENTIFIER = com.praveen.WeatherForcastUITests;
				PRODUCT_NAME = "$(TARGET_NAME)";
				SWIFT_EMIT_LOC_STRINGS = NO;
				SWIFT_VERSION = 5.0;
				TARGETED_DEVICE_FAMILY = "1,2";
				TEST_TARGET_NAME = WeatherForcast;
			};
			name = Release;
		};
/* End XCBuildConfiguration section */

/* Begin XCConfigurationList section */
		06B1AE9F2DE89E5F00E7B60D /* Build configuration list for PBXProject "WeatherForcast" */ = {
			isa = XCConfigurationList;
			buildConfigurations = (
				06B1AEC62DE89E6000E7B60D /* Debug */,
				06B1AEC72DE89E6000E7B60D /* Release */,
			);
			defaultConfigurationIsVisible = 0;
			defaultConfigurationName = Release;
		};
		06B1AEC82DE89E6000E7B60D /* Build configuration list for PBXNativeTarget "WeatherForcast" */ = {
			isa = XCConfigurationList;
			buildConfigurations = (
				06B1AEC92DE89E6000E7B60D /* Debug */,
				06B1AECA2DE89E6000E7B60D /* Release */,
			);
			defaultConfigurationIsVisible = 0;
			defaultConfigurationName = Release;
		};
		06B1AECB2DE89E6000E7B60D /* Build configuration list for PBXNativeTarget "WeatherForcastTests" */ = {
			isa = XCConfigurationList;
			buildConfigurations = (
				06B1AECC2DE89E6000E7B60D /* Debug */,
				06B1AECD2DE89E6000E7B60D /* Release */,
			);
			defaultConfigurationIsVisible = 0;
			defaultConfigurationName = Release;
		};
		06B1AECE2DE89E6000E7B60D /* Build configuration list for PBXNativeTarget "WeatherForcastUITests" */ = {
			isa = XCConfigurationList;
			buildConfigurations = (
				06B1AECF2DE89E6000E7B60D /* Debug */,
				06B1AED02DE89E6000E7B60D /* Release */,
			);
			defaultConfigurationIsVisible = 0;
			defaultConfigurationName = Release;
		};
/* End XCConfigurationList section */
	};
	rootObject = 06B1AE9C2DE89E5F00E7B60D /* Project object */;
}
